
Microsoft Visual Studio Solution File, Format Version 12.00
# Visual Studio 15
VisualStudioVersion = 15.0.26730.15
MinimumVisualStudioVersion = 10.0.40219.1
Project("{FAE04EC0-301F-11D3-BF4B-00C04F79EFBC}") = "encrypthor", "encrypthor\encrypthor.csproj", "{26546B6F-E17A-4A75-BEB0-4F802DB6982D}"
EndProject
Global
	GlobalSection(SolutionConfigurationPlatforms) = preSolution
		Debug|Any CPU = Debug|Any CPU
		Release|Any CPU = Release|Any CPU
	EndGlobalSection
	GlobalSection(ProjectConfigurationPlatforms) = postSolution
		{26546B6F-E17A-4A75-BEB0-4F802DB6982D}.Debug|Any CPU.ActiveCfg = Debug|Any CPU
		{26546B6F-E17A-4A75-BEB0-4F802DB6982D}.Debug|Any CPU.Build.0 = Debug|Any CPU
		{26546B6F-E17A-4A75-BEB0-4F802DB6982D}.Release|Any CPU.ActiveCfg = Release|Any CPU
		{26546B6F-E17A-4A75-BEB0-4F802DB6982D}.Release|Any CPU.Build.0 = Release|Any CPU
	EndGlobalSection
	GlobalSection(SolutionProperties) = preSolution
		HideSolutionNode = FALSE
	EndGlobalSection
	GlobalSection(ExtensibilityGlobals) = postSolution
		SolutionGuid = {DE61778C-73A5-4B5B-8E62-D075FB35AAD6}
	EndGlobalSection
EndGlobal
